
Microsoft Visual Studio Solution File, Format Version 12.00
# Visual Studio Version 16
VisualStudioVersion = 16.0.31105.61
MinimumVisualStudioVersion = 10.0.40219.1
Project("{FAE04EC0-301F-11D3-BF4B-00C04F79EFBC}") = "doublyLinkedList", "doublyLinkedList\doublyLinkedList.csproj", "{18E49D6E-7215-4FAD-A502-599DDAE64D0A}"
EndProject
Global
	GlobalSection(SolutionConfigurationPlatforms) = preSolution
		Debug|Any CPU = Debug|Any CPU
		Release|Any CPU = Release|Any CPU
	EndGlobalSection
	GlobalSection(ProjectConfigurationPlatforms) = postSolution
		{18E49D6E-7215-4FAD-A502-599DDAE64D0A}.Debug|Any CPU.ActiveCfg = Debug|Any CPU
		{18E49D6E-7215-4FAD-A502-599DDAE64D0A}.Debug|Any CPU.Build.0 = Debug|Any CPU
		{18E49D6E-7215-4FAD-A502-599DDAE64D0A}.Release|Any CPU.ActiveCfg = Release|Any CPU
		{18E49D6E-7215-4FAD-A502-599DDAE64D0A}.Release|Any CPU.Build.0 = Release|Any CPU
	EndGlobalSection
	GlobalSection(SolutionProperties) = preSolution
		HideSolutionNode = FALSE
	EndGlobalSection
	GlobalSection(ExtensibilityGlobals) = postSolution
		SolutionGuid = {85580AC3-7C0A-434C-9EBE-34983E3DAB89}
	EndGlobalSection
EndGlobal
